
Microsoft Visual Studio Solution File, Format Version 12.00
# Visual Studio 15
VisualStudioVersion = 15.0.28307.438
MinimumVisualStudioVersion = 10.0.40219.1
Project("{FAE04EC0-301F-11D3-BF4B-00C04F79EFBC}") = "CuocDT", "CuocDT\CuocDT.csproj", "{9F52C11D-D6C0-4C3A-869D-91E1692E90C9}"
EndProject
Project("{FAE04EC0-301F-11D3-BF4B-00C04F79EFBC}") = "_Models", "Models\_Models.csproj", "{EA1EA08E-07ED-49B4-AE9D-DEBFA0770BEC}"
EndProject
Global
	GlobalSection(SolutionConfigurationPlatforms) = preSolution
		Debug|Any CPU = Debug|Any CPU
		Release|Any CPU = Release|Any CPU
	EndGlobalSection
	GlobalSection(ProjectConfigurationPlatforms) = postSolution
		{9F52C11D-D6C0-4C3A-869D-91E1692E90C9}.Debug|Any CPU.ActiveCfg = Debug|Any CPU
		{9F52C11D-D6C0-4C3A-869D-91E1692E90C9}.Debug|Any CPU.Build.0 = Debug|Any CPU
		{9F52C11D-D6C0-4C3A-869D-91E1692E90C9}.Release|Any CPU.ActiveCfg = Release|Any CPU
		{9F52C11D-D6C0-4C3A-869D-91E1692E90C9}.Release|Any CPU.Build.0 = Release|Any CPU
		{EA1EA08E-07ED-49B4-AE9D-DEBFA0770BEC}.Debug|Any CPU.ActiveCfg = Debug|Any CPU
		{EA1EA08E-07ED-49B4-AE9D-DEBFA0770BEC}.Debug|Any CPU.Build.0 = Debug|Any CPU
		{EA1EA08E-07ED-49B4-AE9D-DEBFA0770BEC}.Release|Any CPU.ActiveCfg = Release|Any CPU
		{EA1EA08E-07ED-49B4-AE9D-DEBFA0770BEC}.Release|Any CPU.Build.0 = Release|Any CPU
	EndGlobalSection
	GlobalSection(SolutionProperties) = preSolution
		HideSolutionNode = FALSE
	EndGlobalSection
	GlobalSection(ExtensibilityGlobals) = postSolution
		SolutionGuid = {ACED8338-3B09-4D9F-A1C8-CA6305D3233C}
	EndGlobalSection
EndGlobal
